
Microsoft Visual Studio Solution File, Format Version 12.00
# Visual Studio Version 16
VisualStudioVersion = 16.0.33927.289
MinimumVisualStudioVersion = 10.0.40219.1
Project("{FAE04EC0-301F-11D3-BF4B-00C04F79EFBC}") = "online-departmental_store", "online-departmental_store\online-departmental_store.csproj", "{04B3E6C1-4491-49EC-BA70-D09845CD3B4E}"
EndProject
Global
	GlobalSection(SolutionConfigurationPlatforms) = preSolution
		Debug|Any CPU = Debug|Any CPU
		Release|Any CPU = Release|Any CPU
	EndGlobalSection
	GlobalSection(ProjectConfigurationPlatforms) = postSolution
		{04B3E6C1-4491-49EC-BA70-D09845CD3B4E}.Debug|Any CPU.ActiveCfg = Debug|Any CPU
		{04B3E6C1-4491-49EC-BA70-D09845CD3B4E}.Debug|Any CPU.Build.0 = Debug|Any CPU
		{04B3E6C1-4491-49EC-BA70-D09845CD3B4E}.Release|Any CPU.ActiveCfg = Release|Any CPU
		{04B3E6C1-4491-49EC-BA70-D09845CD3B4E}.Release|Any CPU.Build.0 = Release|Any CPU
	EndGlobalSection
	GlobalSection(SolutionProperties) = preSolution
		HideSolutionNode = FALSE
	EndGlobalSection
	GlobalSection(ExtensibilityGlobals) = postSolution
		SolutionGuid = {A8DEE807-1528-42F2-8ECD-F0CC2517018B}
	EndGlobalSection
EndGlobal
